
Microsoft Visual Studio Solution File, Format Version 12.00
# Visual Studio 15
VisualStudioVersion = 15.0.27703.2026
MinimumVisualStudioVersion = 10.0.40219.1
Project("{9A19103F-16F7-4668-BE54-9A1E7A4F7556}") = "ExampleWebApplication", "ExampleWebApplication\ExampleWebApplication.csproj", "{8A1A0772-C3CB-49E8-8F47-94D1ADA24E17}"
EndProject
Global
	GlobalSection(SolutionConfigurationPlatforms) = preSolution
		Debug|Any CPU = Debug|Any CPU
		Release|Any CPU = Release|Any CPU
	EndGlobalSection
	GlobalSection(ProjectConfigurationPlatforms) = postSolution
		{8A1A0772-C3CB-49E8-8F47-94D1ADA24E17}.Debug|Any CPU.ActiveCfg = Debug|Any CPU
		{8A1A0772-C3CB-49E8-8F47-94D1ADA24E17}.Debug|Any CPU.Build.0 = Debug|Any CPU
		{8A1A0772-C3CB-49E8-8F47-94D1ADA24E17}.Release|Any CPU.ActiveCfg = Release|Any CPU
		{8A1A0772-C3CB-49E8-8F47-94D1ADA24E17}.Release|Any CPU.Build.0 = Release|Any CPU
	EndGlobalSection
	GlobalSection(SolutionProperties) = preSolution
		HideSolutionNode = FALSE
	EndGlobalSection
	GlobalSection(ExtensibilityGlobals) = postSolution
		SolutionGuid = {5F2EC457-0C67-4ED2-A4A7-7C77878C2017}
	EndGlobalSection
EndGlobal
