
Microsoft Visual Studio Solution File, Format Version 12.00
# Visual Studio Version 16
VisualStudioVersion = 16.0.29418.71
MinimumVisualStudioVersion = 10.0.40219.1
Project("{2150E333-8FDC-42A3-9474-1A3956D46DE8}") = "src", "src", "{6DDAB3B8-F745-42DD-B3E7-B2EAEEBF79B4}"
	ProjectSection(SolutionItems) = preProject
		src\Directory.Build.props = src\Directory.Build.props
		src\Directory.Build.targets = src\Directory.Build.targets
	EndProjectSection
EndProject
Project("{2150E333-8FDC-42A3-9474-1A3956D46DE8}") = "test", "test", "{D19A7B97-1063-40A0-90FD-D88CCAE710AD}"
	ProjectSection(SolutionItems) = preProject
		test\Directory.Build.targets = test\Directory.Build.targets
	EndProjectSection
EndProject
Project("{9A19103F-16F7-4668-BE54-9A1E7A4F7556}") = "IbanNet", "src\IbanNet\IbanNet.csproj", "{0032CDE8-09A3-4D68-88A1-60E3F4FC99A3}"
EndProject
Project("{9A19103F-16F7-4668-BE54-9A1E7A4F7556}") = "IbanNet.Tests", "test\IbanNet.Tests\IbanNet.Tests.csproj", "{510AC74E-DF45-4BE9-BB5C-35CE30B1B1FF}"
EndProject
Project("{2150E333-8FDC-42A3-9474-1A3956D46DE8}") = "Solution Items", "Solution Items", "{A44047DB-7353-446A-A6F5-43D6855572EC}"
	ProjectSection(SolutionItems) = preProject
		.editorconfig = .editorconfig
		.gitattributes = .gitattributes
		.gitignore = .gitignore
		appveyor.yml = appveyor.yml
		Changelog.md = Changelog.md
		README.md = README.md
	EndProjectSection
EndProject
Project("{9A19103F-16F7-4668-BE54-9A1E7A4F7556}") = "IbanNet.DataAnnotations", "src\IbanNet.DataAnnotations\IbanNet.DataAnnotations.csproj", "{EB4EC9E6-7A04-4C55-AA87-2A701C2775D7}"
EndProject
Project("{9A19103F-16F7-4668-BE54-9A1E7A4F7556}") = "IbanNet.DataAnnotations.Tests", "test\IbanNet.DataAnnotations.Tests\IbanNet.DataAnnotations.Tests.csproj", "{B10ED810-E191-40A0-9F0F-7D168C4AAEDE}"
EndProject
Project("{9A19103F-16F7-4668-BE54-9A1E7A4F7556}") = "IbanNet.FluentValidation", "src\IbanNet.FluentValidation\IbanNet.FluentValidation.csproj", "{E73402F9-F5D9-4EB8-B554-EE2EAD3CF24C}"
EndProject
Project("{9A19103F-16F7-4668-BE54-9A1E7A4F7556}") = "IbanNet.FluentValidation.Tests", "test\IbanNet.FluentValidation.Tests\IbanNet.FluentValidation.Tests.csproj", "{F6BC952E-39D5-4F5D-9406-7B2A7B66FE55}"
EndProject
Global
	GlobalSection(SolutionConfigurationPlatforms) = preSolution
		Debug|Any CPU = Debug|Any CPU
		Release|Any CPU = Release|Any CPU
	EndGlobalSection
	GlobalSection(ProjectConfigurationPlatforms) = postSolution
		{0032CDE8-09A3-4D68-88A1-60E3F4FC99A3}.Debug|Any CPU.ActiveCfg = Debug|Any CPU
		{0032CDE8-09A3-4D68-88A1-60E3F4FC99A3}.Debug|Any CPU.Build.0 = Debug|Any CPU
		{0032CDE8-09A3-4D68-88A1-60E3F4FC99A3}.Release|Any CPU.ActiveCfg = Release|Any CPU
		{0032CDE8-09A3-4D68-88A1-60E3F4FC99A3}.Release|Any CPU.Build.0 = Release|Any CPU
		{510AC74E-DF45-4BE9-BB5C-35CE30B1B1FF}.Debug|Any CPU.ActiveCfg = Debug|Any CPU
		{510AC74E-DF45-4BE9-BB5C-35CE30B1B1FF}.Debug|Any CPU.Build.0 = Debug|Any CPU
		{510AC74E-DF45-4BE9-BB5C-35CE30B1B1FF}.Release|Any CPU.ActiveCfg = Release|Any CPU
		{510AC74E-DF45-4BE9-BB5C-35CE30B1B1FF}.Release|Any CPU.Build.0 = Release|Any CPU
		{EB4EC9E6-7A04-4C55-AA87-2A701C2775D7}.Debug|Any CPU.ActiveCfg = Debug|Any CPU
		{EB4EC9E6-7A04-4C55-AA87-2A701C2775D7}.Debug|Any CPU.Build.0 = Debug|Any CPU
		{EB4EC9E6-7A04-4C55-AA87-2A701C2775D7}.Release|Any CPU.ActiveCfg = Release|Any CPU
		{EB4EC9E6-7A04-4C55-AA87-2A701C2775D7}.Release|Any CPU.Build.0 = Release|Any CPU
		{B10ED810-E191-40A0-9F0F-7D168C4AAEDE}.Debug|Any CPU.ActiveCfg = Debug|Any CPU
		{B10ED810-E191-40A0-9F0F-7D168C4AAEDE}.Debug|Any CPU.Build.0 = Debug|Any CPU
		{B10ED810-E191-40A0-9F0F-7D168C4AAEDE}.Release|Any CPU.ActiveCfg = Release|Any CPU
		{B10ED810-E191-40A0-9F0F-7D168C4AAEDE}.Release|Any CPU.Build.0 = Release|Any CPU
		{E73402F9-F5D9-4EB8-B554-EE2EAD3CF24C}.Debug|Any CPU.ActiveCfg = Debug|Any CPU
		{E73402F9-F5D9-4EB8-B554-EE2EAD3CF24C}.Debug|Any CPU.Build.0 = Debug|Any CPU
		{E73402F9-F5D9-4EB8-B554-EE2EAD3CF24C}.Release|Any CPU.ActiveCfg = Release|Any CPU
		{E73402F9-F5D9-4EB8-B554-EE2EAD3CF24C}.Release|Any CPU.Build.0 = Release|Any CPU
		{F6BC952E-39D5-4F5D-9406-7B2A7B66FE55}.Debug|Any CPU.ActiveCfg = Debug|Any CPU
		{F6BC952E-39D5-4F5D-9406-7B2A7B66FE55}.Debug|Any CPU.Build.0 = Debug|Any CPU
		{F6BC952E-39D5-4F5D-9406-7B2A7B66FE55}.Release|Any CPU.ActiveCfg = Release|Any CPU
		{F6BC952E-39D5-4F5D-9406-7B2A7B66FE55}.Release|Any CPU.Build.0 = Release|Any CPU
	EndGlobalSection
	GlobalSection(SolutionProperties) = preSolution
		HideSolutionNode = FALSE
	EndGlobalSection
	GlobalSection(NestedProjects) = preSolution
		{0032CDE8-09A3-4D68-88A1-60E3F4FC99A3} = {6DDAB3B8-F745-42DD-B3E7-B2EAEEBF79B4}
		{510AC74E-DF45-4BE9-BB5C-35CE30B1B1FF} = {D19A7B97-1063-40A0-90FD-D88CCAE710AD}
		{EB4EC9E6-7A04-4C55-AA87-2A701C2775D7} = {6DDAB3B8-F745-42DD-B3E7-B2EAEEBF79B4}
		{B10ED810-E191-40A0-9F0F-7D168C4AAEDE} = {D19A7B97-1063-40A0-90FD-D88CCAE710AD}
		{E73402F9-F5D9-4EB8-B554-EE2EAD3CF24C} = {6DDAB3B8-F745-42DD-B3E7-B2EAEEBF79B4}
		{F6BC952E-39D5-4F5D-9406-7B2A7B66FE55} = {D19A7B97-1063-40A0-90FD-D88CCAE710AD}
	EndGlobalSection
	GlobalSection(ExtensibilityGlobals) = postSolution
		SolutionGuid = {294339CD-FA4F-4798-8BA7-EB37812136AC}
	EndGlobalSection
EndGlobal
