
Microsoft Visual Studio Solution File, Format Version 12.00
# Visual Studio Version 17
VisualStudioVersion = 17.0.31912.275
MinimumVisualStudioVersion = 10.0.40219.1
Project("{9A19103F-16F7-4668-BE54-9A1E7A4F7556}") = "AutoMapperExample", "AutoMapperExample.csproj", "{97C96D01-5471-4D74-8988-1383EFAB6CC0}"
EndProject
Global
	GlobalSection(SolutionConfigurationPlatforms) = preSolution
		Debug|Any CPU = Debug|Any CPU
		Release|Any CPU = Release|Any CPU
	EndGlobalSection
	GlobalSection(ProjectConfigurationPlatforms) = postSolution
		{97C96D01-5471-4D74-8988-1383EFAB6CC0}.Debug|Any CPU.ActiveCfg = Debug|Any CPU
		{97C96D01-5471-4D74-8988-1383EFAB6CC0}.Debug|Any CPU.Build.0 = Debug|Any CPU
		{97C96D01-5471-4D74-8988-1383EFAB6CC0}.Release|Any CPU.ActiveCfg = Release|Any CPU
		{97C96D01-5471-4D74-8988-1383EFAB6CC0}.Release|Any CPU.Build.0 = Release|Any CPU
	EndGlobalSection
	GlobalSection(SolutionProperties) = preSolution
		HideSolutionNode = FALSE
	EndGlobalSection
	GlobalSection(ExtensibilityGlobals) = postSolution
		SolutionGuid = {C6A5265E-820A-4410-A534-D65CED3EE3B0}
	EndGlobalSection
EndGlobal
